<?xml version="1.0" encoding="utf-8"?>
<Project ToolsVersion="4.0" xmlns="http://schemas.microsoft.com/developer/msbuild/2003">
  <ItemGroup>
    <Filter Include="Database">
      <UniqueIdentifier>{BAF5A97D-A6C2-0489-CFDB-F230BB073A17}</UniqueIdentifier>
    </Filter>
    <Filter Include="Database\API">
      <UniqueIdentifier>{A327DD88-8F8A-6C2D-3810-A5E3245238B0}</UniqueIdentifier>
    </Filter>
    <Filter Include="Database\DataStructs">
      <UniqueIdentifier>{DB63FB2C-C7F2-84F6-7011-99F15C7F959C}</UniqueIdentifier>
    </Filter>
    <Filter Include="Database\Database">
      <UniqueIdentifier>{DE712A5D-4A88-28F3-93FF-B314FF54F97A}</UniqueIdentifier>
    </Filter>
    <Filter Include="Database\Response">
      <UniqueIdentifier>{58A86E7B-C4BE-6C11-0D36-F832798B3D99}</UniqueIdentifier>
    </Filter>
    <Filter Include="Debug">
      <UniqueIdentifier>{0C95060D-78A9-2EBE-412B-D21DADFE2AEF}</UniqueIdentifier>
    </Filter>
    <Filter Include="Networking">
      <UniqueIdentifier>{6D615D47-5919-9F94-C220-78F0AEF73985}</UniqueIdentifier>
    </Filter>
    <Filter Include="Networking\Server">
      <UniqueIdentifier>{F3695F31-5F80-5DC7-A8F7-E8E8144D2E4F}</UniqueIdentifier>
    </Filter>
  </ItemGroup>
  <ItemGroup>
    <ClInclude Include="src\Database\API\AuthenticatorAPI.h">
      <Filter>Database\API</Filter>
    </ClInclude>
    <ClInclude Include="src\Database\DataStructs\AuthenticateUserData.h">
      <Filter>Database\DataStructs</Filter>
    </ClInclude>
    <ClInclude Include="src\Database\DataStructs\ConnectionInfo.h">
      <Filter>Database\DataStructs</Filter>
    </ClInclude>
    <ClInclude Include="src\Database\DataStructs\CreateUserData.h">
      <Filter>Database\DataStructs</Filter>
    </ClInclude>
    <ClInclude Include="src\Database\DataStructs\GetUserWithEmailData.h">
      <Filter>Database\DataStructs</Filter>
    </ClInclude>
    <ClInclude Include="src\Database\Database\Database.h">
      <Filter>Database\Database</Filter>
    </ClInclude>
    <ClInclude Include="src\Database\Database\IDatabase.h">
      <Filter>Database\Database</Filter>
    </ClInclude>
    <ClInclude Include="src\Database\Response\DatabaseResponse.h">
      <Filter>Database\Response</Filter>
    </ClInclude>
    <ClInclude Include="src\Database\Response\FailureReason.h">
      <Filter>Database\Response</Filter>
    </ClInclude>
    <ClInclude Include="src\Database\Response\FailureReasonToString.h">
      <Filter>Database\Response</Filter>
    </ClInclude>
    <ClInclude Include="src\Database\Response\Status.h">
      <Filter>Database\Response</Filter>
    </ClInclude>
    <ClInclude Include="src\Debug\Assertion.h">
      <Filter>Debug</Filter>
    </ClInclude>
    <ClInclude Include="src\Debug\Log.h">
      <Filter>Debug</Filter>
    </ClInclude>
    <ClInclude Include="src\Networking\Server\Server.h">
      <Filter>Networking\Server</Filter>
    </ClInclude>
    <ClInclude Include="src\pch.h" />
    <ClInclude Include="src\Networking\ServerManager\ServerManager.h" />
    <ClInclude Include="src\Commands\IDatabaseCommand.h" />
    <ClInclude Include="src\Commands\CreatUserCommand.h" />
    <ClInclude Include="src\Commands\AuthenticateUserCommand.h" />
  </ItemGroup>
  <ItemGroup>
    <ClCompile Include="src\Database\API\AuthenticatorAPI.cpp">
      <Filter>Database\API</Filter>
    </ClCompile>
    <ClCompile Include="src\Database\Database\Database.cpp">
      <Filter>Database\Database</Filter>
    </ClCompile>
    <ClCompile Include="src\Database\Response\DatabaseResponse.cpp">
      <Filter>Database\Response</Filter>
    </ClCompile>
    <ClCompile Include="src\Debug\Log.cpp">
      <Filter>Debug</Filter>
    </ClCompile>
    <ClCompile Include="src\Main.cpp" />
    <ClCompile Include="src\Networking\Server\Server.cpp">
      <Filter>Networking\Server</Filter>
    </ClCompile>
    <ClCompile Include="src\pch.cpp" />
    <ClCompile Include="src\Networking\ServerManager\ServerManager.cpp" />
  </ItemGroup>
</Project>