<?xml version="1.0" encoding="utf-8"?>
<Project ToolsVersion="4.0" xmlns="http://schemas.microsoft.com/developer/msbuild/2003">
  <ItemGroup>
    <Filter Include="Commands">
      <UniqueIdentifier>{17269CB7-03F3-F6C2-2C0C-E56A18382C51}</UniqueIdentifier>
    </Filter>
    <Filter Include="Commands\AuthenticateUser">
      <UniqueIdentifier>{440AE3AE-B0CC-1639-F97C-A5C5657EEF16}</UniqueIdentifier>
    </Filter>
    <Filter Include="Commands\GetMessages">
      <UniqueIdentifier>{5E17A21B-4AA6-2BE5-F3C4-3FE0DF323C8B}</UniqueIdentifier>
    </Filter>
    <Filter Include="Commands\GetRooms">
      <UniqueIdentifier>{B6B80F52-22CF-0DE8-6B46-9909D79BDE6F}</UniqueIdentifier>
    </Filter>
    <Filter Include="Commands\JoinRoom">
      <UniqueIdentifier>{539FDD00-BFB5-DB96-082D-67B87482AC1E}</UniqueIdentifier>
    </Filter>
    <Filter Include="Commands\LeaveRoom">
      <UniqueIdentifier>{30651777-1C49-D8CC-85A9-D21F71ACC24E}</UniqueIdentifier>
    </Filter>
    <Filter Include="Commands\RegisterClient">
      <UniqueIdentifier>{6ACC524D-D603-9BE4-DF0D-FF074BC4C1DD}</UniqueIdentifier>
    </Filter>
    <Filter Include="Commands\SendChat">
      <UniqueIdentifier>{90385458-FC4E-52EE-45C6-DD0FB11B2376}</UniqueIdentifier>
    </Filter>
    <Filter Include="Debug">
      <UniqueIdentifier>{0C95060D-78A9-2EBE-412B-D21DADFE2AEF}</UniqueIdentifier>
    </Filter>
    <Filter Include="Networking">
      <UniqueIdentifier>{6D615D47-5919-9F94-C220-78F0AEF73985}</UniqueIdentifier>
    </Filter>
    <Filter Include="Networking\Client">
      <UniqueIdentifier>{DB54860C-476B-84A2-90E2-0FC4FC37552A}</UniqueIdentifier>
    </Filter>
    <Filter Include="Networking\DatabaseAPI">
      <UniqueIdentifier>{6B3CFBA9-5736-24FC-40A3-BA0C2C3C8A68}</UniqueIdentifier>
    </Filter>
    <Filter Include="Networking\Response">
      <UniqueIdentifier>{6BED8D1C-D74E-6B2A-60BC-B1DCCC1CA2E9}</UniqueIdentifier>
    </Filter>
    <Filter Include="Networking\ServerManager">
      <UniqueIdentifier>{6E81D264-5AA6-21E5-83F1-06756F752003}</UniqueIdentifier>
    </Filter>
    <Filter Include="Rooms">
      <UniqueIdentifier>{359E090E-A1B2-31BF-6A34-D51ED6072EF0}</UniqueIdentifier>
    </Filter>
  </ItemGroup>
  <ItemGroup>
    <ClInclude Include="src\Commands\AuthenticateUser\AuthenticateUserCommand.h">
      <Filter>Commands\AuthenticateUser</Filter>
    </ClInclude>
    <ClInclude Include="src\Commands\GetMessages\GetMessagesCommand.h">
      <Filter>Commands\GetMessages</Filter>
    </ClInclude>
    <ClInclude Include="src\Commands\GetRooms\GetRoomsCommand.h">
      <Filter>Commands\GetRooms</Filter>
    </ClInclude>
    <ClInclude Include="src\Commands\ICommand.h">
      <Filter>Commands</Filter>
    </ClInclude>
    <ClInclude Include="src\Commands\JoinRoom\JoinRoomCommand.h">
      <Filter>Commands\JoinRoom</Filter>
    </ClInclude>
    <ClInclude Include="src\Commands\LeaveRoom\LeaveRoomCommand.h">
      <Filter>Commands\LeaveRoom</Filter>
    </ClInclude>
    <ClInclude Include="src\Commands\RegisterClient\RegisterClientCommand.h">
      <Filter>Commands\RegisterClient</Filter>
    </ClInclude>
    <ClInclude Include="src\Commands\SendChat\SendChatCommand.h">
      <Filter>Commands\SendChat</Filter>
    </ClInclude>
    <ClInclude Include="src\Debug\Assertion.h">
      <Filter>Debug</Filter>
    </ClInclude>
    <ClInclude Include="src\Debug\Log.h">
      <Filter>Debug</Filter>
    </ClInclude>
    <ClInclude Include="src\Networking\Client\Client.h">
      <Filter>Networking\Client</Filter>
    </ClInclude>
    <ClInclude Include="src\Networking\DatabaseAPI\DatabaseClient.h">
      <Filter>Networking\DatabaseAPI</Filter>
    </ClInclude>
    <ClInclude Include="src\Networking\Response\ServerResponse.h">
      <Filter>Networking\Response</Filter>
    </ClInclude>
    <ClInclude Include="src\Networking\ServerManager\ServerManager.h">
      <Filter>Networking\ServerManager</Filter>
    </ClInclude>
    <ClInclude Include="src\Rooms\Room.h">
      <Filter>Rooms</Filter>
    </ClInclude>
    <ClInclude Include="src\Rooms\RoomManager.h">
      <Filter>Rooms</Filter>
    </ClInclude>
    <ClInclude Include="src\pch.h" />
  </ItemGroup>
  <ItemGroup>
    <ClCompile Include="src\Commands\AuthenticateUser\AuthenticateUserCommand.cpp">
      <Filter>Commands\AuthenticateUser</Filter>
    </ClCompile>
    <ClCompile Include="src\Commands\GetMessages\GetMessagesCommand.cpp">
      <Filter>Commands\GetMessages</Filter>
    </ClCompile>
    <ClCompile Include="src\Commands\GetRooms\GetRoomsCommand.cpp">
      <Filter>Commands\GetRooms</Filter>
    </ClCompile>
    <ClCompile Include="src\Commands\JoinRoom\JoinRoomCommand.cpp">
      <Filter>Commands\JoinRoom</Filter>
    </ClCompile>
    <ClCompile Include="src\Commands\LeaveRoom\LeaveRoomCommand.cpp">
      <Filter>Commands\LeaveRoom</Filter>
    </ClCompile>
    <ClCompile Include="src\Commands\RegisterClient\RegisterClientCommand.cpp">
      <Filter>Commands\RegisterClient</Filter>
    </ClCompile>
    <ClCompile Include="src\Commands\SendChat\SendChatCommand.cpp">
      <Filter>Commands\SendChat</Filter>
    </ClCompile>
    <ClCompile Include="src\Debug\Log.cpp">
      <Filter>Debug</Filter>
    </ClCompile>
    <ClCompile Include="src\Main.cpp" />
    <ClCompile Include="src\Networking\DatabaseAPI\DatabaseClient.cpp">
      <Filter>Networking\DatabaseAPI</Filter>
    </ClCompile>
    <ClCompile Include="src\Networking\ServerManager\ServerManager.cpp">
      <Filter>Networking\ServerManager</Filter>
    </ClCompile>
    <ClCompile Include="src\Rooms\Room.cpp">
      <Filter>Rooms</Filter>
    </ClCompile>
    <ClCompile Include="src\Rooms\RoomManager.cpp">
      <Filter>Rooms</Filter>
    </ClCompile>
    <ClCompile Include="src\pch.cpp" />
  </ItemGroup>
</Project>